
Microsoft Visual Studio Solution File, Format Version 12.00
# Visual Studio 14
VisualStudioVersion = 14.0.25123.0
MinimumVisualStudioVersion = 10.0.40219.1
Project("{FAE04EC0-301F-11D3-BF4B-00C04F79EFBC}") = "WPFClientApp", "WPFClientApp\WPFClientApp.csproj", "{75607670-EFDD-4BDB-A0CA-6A5A8914D85A}"
EndProject
Project("{FAE04EC0-301F-11D3-BF4B-00C04F79EFBC}") = "DataModel", "DataModel\DataModel.csproj", "{EC10E648-C8FF-479C-9E00-4E0854E815FE}"
EndProject
Global
	GlobalSection(SolutionConfigurationPlatforms) = preSolution
		Debug|Any CPU = Debug|Any CPU
		Release|Any CPU = Release|Any CPU
	EndGlobalSection
	GlobalSection(ProjectConfigurationPlatforms) = postSolution
		{75607670-EFDD-4BDB-A0CA-6A5A8914D85A}.Debug|Any CPU.ActiveCfg = Debug|Any CPU
		{75607670-EFDD-4BDB-A0CA-6A5A8914D85A}.Debug|Any CPU.Build.0 = Debug|Any CPU
		{75607670-EFDD-4BDB-A0CA-6A5A8914D85A}.Release|Any CPU.ActiveCfg = Release|Any CPU
		{75607670-EFDD-4BDB-A0CA-6A5A8914D85A}.Release|Any CPU.Build.0 = Release|Any CPU
		{EC10E648-C8FF-479C-9E00-4E0854E815FE}.Debug|Any CPU.ActiveCfg = Debug|Any CPU
		{EC10E648-C8FF-479C-9E00-4E0854E815FE}.Debug|Any CPU.Build.0 = Debug|Any CPU
		{EC10E648-C8FF-479C-9E00-4E0854E815FE}.Release|Any CPU.ActiveCfg = Release|Any CPU
		{EC10E648-C8FF-479C-9E00-4E0854E815FE}.Release|Any CPU.Build.0 = Release|Any CPU
	EndGlobalSection
	GlobalSection(SolutionProperties) = preSolution
		HideSolutionNode = FALSE
	EndGlobalSection
EndGlobal
